
Microsoft Visual Studio Solution File, Format Version 12.00
# Visual Studio Version 16
VisualStudioVersion = 16.0.29102.190
MinimumVisualStudioVersion = 10.0.40219.1
Project("{FAE04EC0-301F-11D3-BF4B-00C04F79EFBC}") = "IRF_Project", "IRF_Project.csproj", "{546C0CDD-3E7C-4DE8-BA10-82A80FDE2D50}"
EndProject
Global
	GlobalSection(SolutionConfigurationPlatforms) = preSolution
		Debug|Any CPU = Debug|Any CPU
		Release|Any CPU = Release|Any CPU
	EndGlobalSection
	GlobalSection(ProjectConfigurationPlatforms) = postSolution
		{546C0CDD-3E7C-4DE8-BA10-82A80FDE2D50}.Debug|Any CPU.ActiveCfg = Debug|Any CPU
		{546C0CDD-3E7C-4DE8-BA10-82A80FDE2D50}.Debug|Any CPU.Build.0 = Debug|Any CPU
		{546C0CDD-3E7C-4DE8-BA10-82A80FDE2D50}.Release|Any CPU.ActiveCfg = Release|Any CPU
		{546C0CDD-3E7C-4DE8-BA10-82A80FDE2D50}.Release|Any CPU.Build.0 = Release|Any CPU
	EndGlobalSection
	GlobalSection(SolutionProperties) = preSolution
		HideSolutionNode = FALSE
	EndGlobalSection
	GlobalSection(ExtensibilityGlobals) = postSolution
		SolutionGuid = {FD81CEFB-FEED-4712-9EBC-E6E158FFD9B9}
	EndGlobalSection
EndGlobal
